
Microsoft Visual Studio Solution File, Format Version 12.00
# Visual Studio Version 17
VisualStudioVersion = 17.8.34330.188
MinimumVisualStudioVersion = 10.0.40219.1
Project("{9A19103F-16F7-4668-BE54-9A1E7A4F7556}") = "Sistema_Vendas", "Sistema_Vendas\Sistema_Vendas.csproj", "{EDED18CB-92FE-4848-B5D3-99083DE5D6AB}"
EndProject
Global
	GlobalSection(SolutionConfigurationPlatforms) = preSolution
		Debug|Any CPU = Debug|Any CPU
		Release|Any CPU = Release|Any CPU
	EndGlobalSection
	GlobalSection(ProjectConfigurationPlatforms) = postSolution
		{EDED18CB-92FE-4848-B5D3-99083DE5D6AB}.Debug|Any CPU.ActiveCfg = Debug|Any CPU
		{EDED18CB-92FE-4848-B5D3-99083DE5D6AB}.Debug|Any CPU.Build.0 = Debug|Any CPU
		{EDED18CB-92FE-4848-B5D3-99083DE5D6AB}.Release|Any CPU.ActiveCfg = Release|Any CPU
		{EDED18CB-92FE-4848-B5D3-99083DE5D6AB}.Release|Any CPU.Build.0 = Release|Any CPU
	EndGlobalSection
	GlobalSection(SolutionProperties) = preSolution
		HideSolutionNode = FALSE
	EndGlobalSection
	GlobalSection(ExtensibilityGlobals) = postSolution
		SolutionGuid = {F55E3D10-74AB-4AE2-ADFC-76DFE3DB1584}
	EndGlobalSection
EndGlobal
